// !$*UTF8*$!
{
	archiveVersion = 1;
	classes = {
	};
	objectVersion = 55;
	objects = {

/* Begin PBXBuildFile section */
		CB1A9FB42B21690CD9E99625 /* Pods_Meal.framework in Frameworks */ = {isa = PBXBuildFile; fileRef = 00C8294CED7E874007B33974 /* Pods_Meal.framework */; };
		DE2156042852BB5F00E2DA35 /* Menu.swift in Sources */ = {isa = PBXBuildFile; fileRef = DE2156032852BB5F00E2DA35 /* Menu.swift */; };
		DE215699285056C200841DF0 /* JoinFamilyViewController.swift in Sources */ = {isa = PBXBuildFile; fileRef = DE215698285056C200841DF0 /* JoinFamilyViewController.swift */; };
		DE21569B28505A6B00841DF0 /* GoogleService-Info.plist in Resources */ = {isa = PBXBuildFile; fileRef = DE21569A28505A6B00841DF0 /* GoogleService-Info.plist */; };
		DE6201DD2850AD0600E88035 /* MenuViewController.swift in Sources */ = {isa = PBXBuildFile; fileRef = DE6201DC2850AD0600E88035 /* MenuViewController.swift */; };
		DE9FE5C7284DA7210032242F /* AppDelegate.swift in Sources */ = {isa = PBXBuildFile; fileRef = DE9FE5C6284DA7210032242F /* AppDelegate.swift */; };
		DE9FE5C9284DA7210032242F /* SceneDelegate.swift in Sources */ = {isa = PBXBuildFile; fileRef = DE9FE5C8284DA7210032242F /* SceneDelegate.swift */; };
		DE9FE5CB284DA7210032242F /* ViewController.swift in Sources */ = {isa = PBXBuildFile; fileRef = DE9FE5CA284DA7210032242F /* ViewController.swift */; };
		DE9FE5CE284DA7210032242F /* Main.storyboard in Resources */ = {isa = PBXBuildFile; fileRef = DE9FE5CC284DA7210032242F /* Main.storyboard */; };
		DE9FE5D1284DA7210032242F /* Meal.xcdatamodeld in Sources */ = {isa = PBXBuildFile; fileRef = DE9FE5CF284DA7210032242F /* Meal.xcdatamodeld */; };
		DE9FE5D3284DA7240032242F /* Assets.xcassets in Resources */ = {isa = PBXBuildFile; fileRef = DE9FE5D2284DA7240032242F /* Assets.xcassets */; };
		DE9FE5D6284DA7240032242F /* LaunchScreen.storyboard in Resources */ = {isa = PBXBuildFile; fileRef = DE9FE5D4284DA7240032242F /* LaunchScreen.storyboard */; };
		E9451D49285B8A640091A31E /* Member.storyboard in Resources */ = {isa = PBXBuildFile; fileRef = E9451D48285B8A640091A31E /* Member.storyboard */; };
		E9451D4C285B9B6B0091A31E /* UserNameTableViewCell.swift in Sources */ = {isa = PBXBuildFile; fileRef = E9451D4A285B9B6B0091A31E /* UserNameTableViewCell.swift */; };
		E9451D4D285B9B6B0091A31E /* UserNameTableViewCell.xib in Resources */ = {isa = PBXBuildFile; fileRef = E9451D4B285B9B6B0091A31E /* UserNameTableViewCell.xib */; };
		E9451D50285BA1760091A31E /* FamilyMemberTableViewCell.swift in Sources */ = {isa = PBXBuildFile; fileRef = E9451D4E285BA1760091A31E /* FamilyMemberTableViewCell.swift */; };
		E9451D51285BA1760091A31E /* FamilyMemberTableViewCell.xib in Resources */ = {isa = PBXBuildFile; fileRef = E9451D4F285BA1760091A31E /* FamilyMemberTableViewCell.xib */; };
		E9451D54285BA3410091A31E /* FamilyIDTableViewCell.swift in Sources */ = {isa = PBXBuildFile; fileRef = E9451D52285BA3410091A31E /* FamilyIDTableViewCell.swift */; };
		E9451D55285BA3410091A31E /* FamilyIDTableViewCell.xib in Resources */ = {isa = PBXBuildFile; fileRef = E9451D53285BA3410091A31E /* FamilyIDTableViewCell.xib */; };
		E9451D57285BA4120091A31E /* MemberViewController.swift in Sources */ = {isa = PBXBuildFile; fileRef = E9451D56285BA4120091A31E /* MemberViewController.swift */; };
		E969B12E285D92750025E31F /* SignInViewController.swift in Sources */ = {isa = PBXBuildFile; fileRef = E969B12D285D92750025E31F /* SignInViewController.swift */; };
		E969B130285D92DC0025E31F /* JoinCreateFamilyViewController.swift in Sources */ = {isa = PBXBuildFile; fileRef = E969B12F285D92DC0025E31F /* JoinCreateFamilyViewController.swift */; };
		E97EAC9A2859DE5D00DEA510 /* Poppins-Regular.ttf in Resources */ = {isa = PBXBuildFile; fileRef = E97EAC962859DE5D00DEA510 /* Poppins-Regular.ttf */; };
		E97EAC9B2859DE5D00DEA510 /* Poppins-SemiBold.ttf in Resources */ = {isa = PBXBuildFile; fileRef = E97EAC972859DE5D00DEA510 /* Poppins-SemiBold.ttf */; };
		E97EAC9C2859DE5D00DEA510 /* Poppins-Bold.ttf in Resources */ = {isa = PBXBuildFile; fileRef = E97EAC982859DE5D00DEA510 /* Poppins-Bold.ttf */; };
		E97EAC9D2859DE5D00DEA510 /* Poppins-Medium.ttf in Resources */ = {isa = PBXBuildFile; fileRef = E97EAC992859DE5D00DEA510 /* Poppins-Medium.ttf */; };
		E97EAC9F2859DEFF00DEA510 /* SignIn.storyboard in Resources */ = {isa = PBXBuildFile; fileRef = E97EAC9E2859DEFF00DEA510 /* SignIn.storyboard */; };
		E97EACA12859E2F400DEA510 /* JoinCreateFamily.storyboard in Resources */ = {isa = PBXBuildFile; fileRef = E97EACA02859E2F400DEA510 /* JoinCreateFamily.storyboard */; };
		E97EACA5285A235400DEA510 /* Vote.storyboard in Resources */ = {isa = PBXBuildFile; fileRef = E97EACA4285A235400DEA510 /* Vote.storyboard */; };
		E97EACA8285A267D00DEA510 /* TopPartTableViewCell.swift in Sources */ = {isa = PBXBuildFile; fileRef = E97EACA6285A267D00DEA510 /* TopPartTableViewCell.swift */; };
		E97EACA9285A267D00DEA510 /* TopPartTableViewCell.xib in Resources */ = {isa = PBXBuildFile; fileRef = E97EACA7285A267D00DEA510 /* TopPartTableViewCell.xib */; };
		E97EACAC285A28D000DEA510 /* BottomPartTableViewCell.swift in Sources */ = {isa = PBXBuildFile; fileRef = E97EACAA285A28D000DEA510 /* BottomPartTableViewCell.swift */; };
		E97EACAD285A28D000DEA510 /* BottomPartTableViewCell.xib in Resources */ = {isa = PBXBuildFile; fileRef = E97EACAB285A28D000DEA510 /* BottomPartTableViewCell.xib */; };
		E97EACB0285A29E900DEA510 /* VoterCollectionViewCell.swift in Sources */ = {isa = PBXBuildFile; fileRef = E97EACAE285A29E900DEA510 /* VoterCollectionViewCell.swift */; };
		E97EACB1285A29E900DEA510 /* VoterCollectionViewCell.xib in Resources */ = {isa = PBXBuildFile; fileRef = E97EACAF285A29E900DEA510 /* VoterCollectionViewCell.xib */; };
		E97EACB3285B74AC00DEA510 /* VoteViewController.swift in Sources */ = {isa = PBXBuildFile; fileRef = E97EACB2285B74AC00DEA510 /* VoteViewController.swift */; };
		E9F42926285CD3B100C85012 /* History.storyboard in Resources */ = {isa = PBXBuildFile; fileRef = E9F42925285CD3B100C85012 /* History.storyboard */; };
		E9F42929285CD89800C85012 /* HistoryTableViewCell.swift in Sources */ = {isa = PBXBuildFile; fileRef = E9F42927285CD89800C85012 /* HistoryTableViewCell.swift */; };
		E9F4292A285CD89800C85012 /* HistoryTableViewCell.xib in Resources */ = {isa = PBXBuildFile; fileRef = E9F42928285CD89800C85012 /* HistoryTableViewCell.xib */; };
		E9F4292C285CDB5600C85012 /* HistoryViewController.swift in Sources */ = {isa = PBXBuildFile; fileRef = E9F4292B285CDB5600C85012 /* HistoryViewController.swift */; };
/* End PBXBuildFile section */

/* Begin PBXFileReference section */
		00C8294CED7E874007B33974 /* Pods_Meal.framework */ = {isa = PBXFileReference; explicitFileType = wrapper.framework; includeInIndex = 0; path = Pods_Meal.framework; sourceTree = BUILT_PRODUCTS_DIR; };
		4C01E2AA29E4141514887E12 /* Pods-Meal.release.xcconfig */ = {isa = PBXFileReference; includeInIndex = 1; lastKnownFileType = text.xcconfig; name = "Pods-Meal.release.xcconfig"; path = "Target Support Files/Pods-Meal/Pods-Meal.release.xcconfig"; sourceTree = "<group>"; };
		C73C3C05F50627B96E8B56F7 /* Pods-Meal.debug.xcconfig */ = {isa = PBXFileReference; includeInIndex = 1; lastKnownFileType = text.xcconfig; name = "Pods-Meal.debug.xcconfig"; path = "Target Support Files/Pods-Meal/Pods-Meal.debug.xcconfig"; sourceTree = "<group>"; };
		DE2156032852BB5F00E2DA35 /* Menu.swift */ = {isa = PBXFileReference; lastKnownFileType = sourcecode.swift; path = Menu.swift; sourceTree = "<group>"; };
		DE21569728503F7800841DF0 /* Meal.entitlements */ = {isa = PBXFileReference; lastKnownFileType = text.plist.entitlements; path = Meal.entitlements; sourceTree = "<group>"; };
		DE215698285056C200841DF0 /* JoinFamilyViewController.swift */ = {isa = PBXFileReference; lastKnownFileType = sourcecode.swift; path = JoinFamilyViewController.swift; sourceTree = "<group>"; };
		DE21569A28505A6B00841DF0 /* GoogleService-Info.plist */ = {isa = PBXFileReference; fileEncoding = 4; lastKnownFileType = text.plist.xml; path = "GoogleService-Info.plist"; sourceTree = "<group>"; };
		DE6201DC2850AD0600E88035 /* MenuViewController.swift */ = {isa = PBXFileReference; lastKnownFileType = sourcecode.swift; path = MenuViewController.swift; sourceTree = "<group>"; };
		DE9FE5C3284DA7210032242F /* Meal.app */ = {isa = PBXFileReference; explicitFileType = wrapper.application; includeInIndex = 0; path = Meal.app; sourceTree = BUILT_PRODUCTS_DIR; };
		DE9FE5C6284DA7210032242F /* AppDelegate.swift */ = {isa = PBXFileReference; lastKnownFileType = sourcecode.swift; path = AppDelegate.swift; sourceTree = "<group>"; };
		DE9FE5C8284DA7210032242F /* SceneDelegate.swift */ = {isa = PBXFileReference; lastKnownFileType = sourcecode.swift; path = SceneDelegate.swift; sourceTree = "<group>"; };
		DE9FE5CA284DA7210032242F /* ViewController.swift */ = {isa = PBXFileReference; lastKnownFileType = sourcecode.swift; path = ViewController.swift; sourceTree = "<group>"; };
		DE9FE5CD284DA7210032242F /* Base */ = {isa = PBXFileReference; lastKnownFileType = file.storyboard; name = Base; path = Base.lproj/Main.storyboard; sourceTree = "<group>"; };
		DE9FE5D0284DA7210032242F /* Meal.xcdatamodel */ = {isa = PBXFileReference; lastKnownFileType = wrapper.xcdatamodel; path = Meal.xcdatamodel; sourceTree = "<group>"; };
		DE9FE5D2284DA7240032242F /* Assets.xcassets */ = {isa = PBXFileReference; lastKnownFileType = folder.assetcatalog; path = Assets.xcassets; sourceTree = "<group>"; };
		DE9FE5D5284DA7240032242F /* Base */ = {isa = PBXFileReference; lastKnownFileType = file.storyboard; name = Base; path = Base.lproj/LaunchScreen.storyboard; sourceTree = "<group>"; };
		DE9FE5D7284DA7240032242F /* Info.plist */ = {isa = PBXFileReference; lastKnownFileType = text.plist.xml; path = Info.plist; sourceTree = "<group>"; };
		E9451D48285B8A640091A31E /* Member.storyboard */ = {isa = PBXFileReference; lastKnownFileType = file.storyboard; path = Member.storyboard; sourceTree = "<group>"; };
		E9451D4A285B9B6B0091A31E /* UserNameTableViewCell.swift */ = {isa = PBXFileReference; lastKnownFileType = sourcecode.swift; path = UserNameTableViewCell.swift; sourceTree = "<group>"; };
		E9451D4B285B9B6B0091A31E /* UserNameTableViewCell.xib */ = {isa = PBXFileReference; lastKnownFileType = file.xib; path = UserNameTableViewCell.xib; sourceTree = "<group>"; };
		E9451D4E285BA1760091A31E /* FamilyMemberTableViewCell.swift */ = {isa = PBXFileReference; lastKnownFileType = sourcecode.swift; path = FamilyMemberTableViewCell.swift; sourceTree = "<group>"; };
		E9451D4F285BA1760091A31E /* FamilyMemberTableViewCell.xib */ = {isa = PBXFileReference; lastKnownFileType = file.xib; path = FamilyMemberTableViewCell.xib; sourceTree = "<group>"; };
		E9451D52285BA3410091A31E /* FamilyIDTableViewCell.swift */ = {isa = PBXFileReference; lastKnownFileType = sourcecode.swift; path = FamilyIDTableViewCell.swift; sourceTree = "<group>"; };
		E9451D53285BA3410091A31E /* FamilyIDTableViewCell.xib */ = {isa = PBXFileReference; lastKnownFileType = file.xib; path = FamilyIDTableViewCell.xib; sourceTree = "<group>"; };
		E9451D56285BA4120091A31E /* MemberViewController.swift */ = {isa = PBXFileReference; lastKnownFileType = sourcecode.swift; path = MemberViewController.swift; sourceTree = "<group>"; };
		E969B12D285D92750025E31F /* SignInViewController.swift */ = {isa = PBXFileReference; lastKnownFileType = sourcecode.swift; path = SignInViewController.swift; sourceTree = "<group>"; };
		E969B12F285D92DC0025E31F /* JoinCreateFamilyViewController.swift */ = {isa = PBXFileReference; lastKnownFileType = sourcecode.swift; path = JoinCreateFamilyViewController.swift; sourceTree = "<group>"; };
		E97EAC962859DE5D00DEA510 /* Poppins-Regular.ttf */ = {isa = PBXFileReference; lastKnownFileType = file; path = "Poppins-Regular.ttf"; sourceTree = "<group>"; };
		E97EAC972859DE5D00DEA510 /* Poppins-SemiBold.ttf */ = {isa = PBXFileReference; lastKnownFileType = file; path = "Poppins-SemiBold.ttf"; sourceTree = "<group>"; };
		E97EAC982859DE5D00DEA510 /* Poppins-Bold.ttf */ = {isa = PBXFileReference; lastKnownFileType = file; path = "Poppins-Bold.ttf"; sourceTree = "<group>"; };
		E97EAC992859DE5D00DEA510 /* Poppins-Medium.ttf */ = {isa = PBXFileReference; lastKnownFileType = file; path = "Poppins-Medium.ttf"; sourceTree = "<group>"; };
		E97EAC9E2859DEFF00DEA510 /* SignIn.storyboard */ = {isa = PBXFileReference; lastKnownFileType = file.storyboard; path = SignIn.storyboard; sourceTree = "<group>"; };
		E97EACA02859E2F400DEA510 /* JoinCreateFamily.storyboard */ = {isa = PBXFileReference; lastKnownFileType = file.storyboard; path = JoinCreateFamily.storyboard; sourceTree = "<group>"; };
		E97EACA4285A235400DEA510 /* Vote.storyboard */ = {isa = PBXFileReference; lastKnownFileType = file.storyboard; path = Vote.storyboard; sourceTree = "<group>"; };
		E97EACA6285A267D00DEA510 /* TopPartTableViewCell.swift */ = {isa = PBXFileReference; lastKnownFileType = sourcecode.swift; path = TopPartTableViewCell.swift; sourceTree = "<group>"; };
		E97EACA7285A267D00DEA510 /* TopPartTableViewCell.xib */ = {isa = PBXFileReference; lastKnownFileType = file.xib; path = TopPartTableViewCell.xib; sourceTree = "<group>"; };
		E97EACAA285A28D000DEA510 /* BottomPartTableViewCell.swift */ = {isa = PBXFileReference; lastKnownFileType = sourcecode.swift; path = BottomPartTableViewCell.swift; sourceTree = "<group>"; };
		E97EACAB285A28D000DEA510 /* BottomPartTableViewCell.xib */ = {isa = PBXFileReference; lastKnownFileType = file.xib; path = BottomPartTableViewCell.xib; sourceTree = "<group>"; };
		E97EACAE285A29E900DEA510 /* VoterCollectionViewCell.swift */ = {isa = PBXFileReference; lastKnownFileType = sourcecode.swift; path = VoterCollectionViewCell.swift; sourceTree = "<group>"; };
		E97EACAF285A29E900DEA510 /* VoterCollectionViewCell.xib */ = {isa = PBXFileReference; lastKnownFileType = file.xib; path = VoterCollectionViewCell.xib; sourceTree = "<group>"; };
		E97EACB2285B74AC00DEA510 /* VoteViewController.swift */ = {isa = PBXFileReference; lastKnownFileType = sourcecode.swift; path = VoteViewController.swift; sourceTree = "<group>"; };
		E9F42925285CD3B100C85012 /* History.storyboard */ = {isa = PBXFileReference; lastKnownFileType = file.storyboard; path = History.storyboard; sourceTree = "<group>"; };
		E9F42927285CD89800C85012 /* HistoryTableViewCell.swift */ = {isa = PBXFileReference; lastKnownFileType = sourcecode.swift; path = HistoryTableViewCell.swift; sourceTree = "<group>"; };
		E9F42928285CD89800C85012 /* HistoryTableViewCell.xib */ = {isa = PBXFileReference; lastKnownFileType = file.xib; path = HistoryTableViewCell.xib; sourceTree = "<group>"; };
		E9F4292B285CDB5600C85012 /* HistoryViewController.swift */ = {isa = PBXFileReference; lastKnownFileType = sourcecode.swift; path = HistoryViewController.swift; sourceTree = "<group>"; };
/* End PBXFileReference section */

/* Begin PBXFrameworksBuildPhase section */
		DE9FE5C0284DA7210032242F /* Frameworks */ = {
			isa = PBXFrameworksBuildPhase;
			buildActionMask = 2147483647;
			files = (
				CB1A9FB42B21690CD9E99625 /* Pods_Meal.framework in Frameworks */,
			);
			runOnlyForDeploymentPostprocessing = 0;
		};
/* End PBXFrameworksBuildPhase section */

/* Begin PBXGroup section */
		4893BBB2435F0BA6DA035335 /* Pods */ = {
			isa = PBXGroup;
			children = (
				C73C3C05F50627B96E8B56F7 /* Pods-Meal.debug.xcconfig */,
				4C01E2AA29E4141514887E12 /* Pods-Meal.release.xcconfig */,
			);
			path = Pods;
			sourceTree = "<group>";
		};
		4D2D7058F605FCDE546A60F1 /* Frameworks */ = {
			isa = PBXGroup;
			children = (
				00C8294CED7E874007B33974 /* Pods_Meal.framework */,
			);
			name = Frameworks;
			sourceTree = "<group>";
		};
		DE9FE5BA284DA7210032242F = {
			isa = PBXGroup;
			children = (
				DE9FE5C5284DA7210032242F /* Meal */,
				DE9FE5C4284DA7210032242F /* Products */,
				4893BBB2435F0BA6DA035335 /* Pods */,
				4D2D7058F605FCDE546A60F1 /* Frameworks */,
			);
			sourceTree = "<group>";
		};
		DE9FE5C4284DA7210032242F /* Products */ = {
			isa = PBXGroup;
			children = (
				DE9FE5C3284DA7210032242F /* Meal.app */,
			);
			name = Products;
			sourceTree = "<group>";
		};
		DE9FE5C5284DA7210032242F /* Meal */ = {
			isa = PBXGroup;
			children = (
				E97EAC942859DE3C00DEA510 /* Themes */,
				DE21569728503F7800841DF0 /* Meal.entitlements */,
				DE9FE5C6284DA7210032242F /* AppDelegate.swift */,
				DE9FE5C8284DA7210032242F /* SceneDelegate.swift */,
				DE9FE5CA284DA7210032242F /* ViewController.swift */,
				DE6201DC2850AD0600E88035 /* MenuViewController.swift */,
				DE2156032852BB5F00E2DA35 /* Menu.swift */,
				DE215698285056C200841DF0 /* JoinFamilyViewController.swift */,
				DE9FE5CC284DA7210032242F /* Main.storyboard */,
				DE9FE5D2284DA7240032242F /* Assets.xcassets */,
				DE21569A28505A6B00841DF0 /* GoogleService-Info.plist */,
				DE9FE5D4284DA7240032242F /* LaunchScreen.storyboard */,
				DE9FE5D7284DA7240032242F /* Info.plist */,
				DE9FE5CF284DA7210032242F /* Meal.xcdatamodeld */,
				E969B12A285CE6E60025E31F /* Views */,
				E969B12B285CE6F80025E31F /* Controllers */,
			);
			path = Meal;
			sourceTree = "<group>";
		};
		E969B12A285CE6E60025E31F /* Views */ = {
			isa = PBXGroup;
			children = (
				E969B12C285CE7020025E31F /* CustomCells */,
				E97EAC9E2859DEFF00DEA510 /* SignIn.storyboard */,
				E97EACA02859E2F400DEA510 /* JoinCreateFamily.storyboard */,
				E97EACA4285A235400DEA510 /* Vote.storyboard */,
				E9451D48285B8A640091A31E /* Member.storyboard */,
				E9F42925285CD3B100C85012 /* History.storyboard */,
			);
			path = Views;
			sourceTree = "<group>";
		};
		E969B12B285CE6F80025E31F /* Controllers */ = {
			isa = PBXGroup;
			children = (
				E969B12D285D92750025E31F /* SignInViewController.swift */,
				E97EACB2285B74AC00DEA510 /* VoteViewController.swift */,
				E9451D56285BA4120091A31E /* MemberViewController.swift */,
				E9F4292B285CDB5600C85012 /* HistoryViewController.swift */,
				E969B12F285D92DC0025E31F /* JoinCreateFamilyViewController.swift */,
			);
			path = Controllers;
			sourceTree = "<group>";
		};
		E969B12C285CE7020025E31F /* CustomCells */ = {
			isa = PBXGroup;
			children = (
				E97EACA6285A267D00DEA510 /* TopPartTableViewCell.swift */,
				E97EACA7285A267D00DEA510 /* TopPartTableViewCell.xib */,
				E97EACAA285A28D000DEA510 /* BottomPartTableViewCell.swift */,
				E97EACAB285A28D000DEA510 /* BottomPartTableViewCell.xib */,
				E97EACAE285A29E900DEA510 /* VoterCollectionViewCell.swift */,
				E97EACAF285A29E900DEA510 /* VoterCollectionViewCell.xib */,
				E9451D4A285B9B6B0091A31E /* UserNameTableViewCell.swift */,
				E9451D4B285B9B6B0091A31E /* UserNameTableViewCell.xib */,
				E9451D4E285BA1760091A31E /* FamilyMemberTableViewCell.swift */,
				E9451D4F285BA1760091A31E /* FamilyMemberTableViewCell.xib */,
				E9451D52285BA3410091A31E /* FamilyIDTableViewCell.swift */,
				E9451D53285BA3410091A31E /* FamilyIDTableViewCell.xib */,
				E9F42927285CD89800C85012 /* HistoryTableViewCell.swift */,
				E9F42928285CD89800C85012 /* HistoryTableViewCell.xib */,
			);
			path = CustomCells;
			sourceTree = "<group>";
		};
		E97EAC942859DE3C00DEA510 /* Themes */ = {
			isa = PBXGroup;
			children = (
				E97EAC952859DE5100DEA510 /* Fonts */,
			);
			path = Themes;
			sourceTree = "<group>";
		};
		E97EAC952859DE5100DEA510 /* Fonts */ = {
			isa = PBXGroup;
			children = (
				E97EAC982859DE5D00DEA510 /* Poppins-Bold.ttf */,
				E97EAC992859DE5D00DEA510 /* Poppins-Medium.ttf */,
				E97EAC962859DE5D00DEA510 /* Poppins-Regular.ttf */,
				E97EAC972859DE5D00DEA510 /* Poppins-SemiBold.ttf */,
			);
			path = Fonts;
			sourceTree = "<group>";
		};
/* End PBXGroup section */

/* Begin PBXNativeTarget section */
		DE9FE5C2284DA7210032242F /* Meal */ = {
			isa = PBXNativeTarget;
			buildConfigurationList = DE9FE5DA284DA7240032242F /* Build configuration list for PBXNativeTarget "Meal" */;
			buildPhases = (
				8E98C1A9A4FE293F605075E4 /* [CP] Check Pods Manifest.lock */,
				DE9FE5BF284DA7210032242F /* Sources */,
				DE9FE5C0284DA7210032242F /* Frameworks */,
				DE9FE5C1284DA7210032242F /* Resources */,
				B1FCBCDE56969AE7CEDF5D67 /* [CP] Embed Pods Frameworks */,
			);
			buildRules = (
			);
			dependencies = (
			);
			name = Meal;
			productName = Meal;
			productReference = DE9FE5C3284DA7210032242F /* Meal.app */;
			productType = "com.apple.product-type.application";
		};
/* End PBXNativeTarget section */

/* Begin PBXProject section */
		DE9FE5BB284DA7210032242F /* Project object */ = {
			isa = PBXProject;
			attributes = {
				BuildIndependentTargetsInParallel = 1;
				LastSwiftUpdateCheck = 1340;
				LastUpgradeCheck = 1340;
				TargetAttributes = {
					DE9FE5C2284DA7210032242F = {
						CreatedOnToolsVersion = 13.4.1;
					};
				};
			};
			buildConfigurationList = DE9FE5BE284DA7210032242F /* Build configuration list for PBXProject "Meal" */;
			compatibilityVersion = "Xcode 13.0";
			developmentRegion = en;
			hasScannedForEncodings = 0;
			knownRegions = (
				en,
				Base,
			);
			mainGroup = DE9FE5BA284DA7210032242F;
			productRefGroup = DE9FE5C4284DA7210032242F /* Products */;
			projectDirPath = "";
			projectRoot = "";
			targets = (
				DE9FE5C2284DA7210032242F /* Meal */,
			);
		};
/* End PBXProject section */

/* Begin PBXResourcesBuildPhase section */
		DE9FE5C1284DA7210032242F /* Resources */ = {
			isa = PBXResourcesBuildPhase;
			buildActionMask = 2147483647;
			files = (
				E9451D55285BA3410091A31E /* FamilyIDTableViewCell.xib in Resources */,
				E97EACA12859E2F400DEA510 /* JoinCreateFamily.storyboard in Resources */,
				DE21569B28505A6B00841DF0 /* GoogleService-Info.plist in Resources */,
				E9451D49285B8A640091A31E /* Member.storyboard in Resources */,
				DE9FE5D6284DA7240032242F /* LaunchScreen.storyboard in Resources */,
				E97EACA5285A235400DEA510 /* Vote.storyboard in Resources */,
				E9F4292A285CD89800C85012 /* HistoryTableViewCell.xib in Resources */,
				E97EAC9C2859DE5D00DEA510 /* Poppins-Bold.ttf in Resources */,
				E9451D51285BA1760091A31E /* FamilyMemberTableViewCell.xib in Resources */,
				DE9FE5D3284DA7240032242F /* Assets.xcassets in Resources */,
				E9F42926285CD3B100C85012 /* History.storyboard in Resources */,
				E97EAC9F2859DEFF00DEA510 /* SignIn.storyboard in Resources */,
				E97EAC9B2859DE5D00DEA510 /* Poppins-SemiBold.ttf in Resources */,
				E97EAC9D2859DE5D00DEA510 /* Poppins-Medium.ttf in Resources */,
				E97EACB1285A29E900DEA510 /* VoterCollectionViewCell.xib in Resources */,
				DE9FE5CE284DA7210032242F /* Main.storyboard in Resources */,
				E97EACAD285A28D000DEA510 /* BottomPartTableViewCell.xib in Resources */,
				E9451D4D285B9B6B0091A31E /* UserNameTableViewCell.xib in Resources */,
				E97EACA9285A267D00DEA510 /* TopPartTableViewCell.xib in Resources */,
				E97EAC9A2859DE5D00DEA510 /* Poppins-Regular.ttf in Resources */,
			);
			runOnlyForDeploymentPostprocessing = 0;
		};
/* End PBXResourcesBuildPhase section */

/* Begin PBXShellScriptBuildPhase section */
		8E98C1A9A4FE293F605075E4 /* [CP] Check Pods Manifest.lock */ = {
			isa = PBXShellScriptBuildPhase;
			buildActionMask = 2147483647;
			files = (
			);
			inputFileListPaths = (
			);
			inputPaths = (
				"${PODS_PODFILE_DIR_PATH}/Podfile.lock",
				"${PODS_ROOT}/Manifest.lock",
			);
			name = "[CP] Check Pods Manifest.lock";
			outputFileListPaths = (
			);
			outputPaths = (
				"$(DERIVED_FILE_DIR)/Pods-Meal-checkManifestLockResult.txt",
			);
			runOnlyForDeploymentPostprocessing = 0;
			shellPath = /bin/sh;
			shellScript = "diff \"${PODS_PODFILE_DIR_PATH}/Podfile.lock\" \"${PODS_ROOT}/Manifest.lock\" > /dev/null\nif [ $? != 0 ] ; then\n    # print error to STDERR\n    echo \"error: The sandbox is not in sync with the Podfile.lock. Run 'pod install' or update your CocoaPods installation.\" >&2\n    exit 1\nfi\n# This output is used by Xcode 'outputs' to avoid re-running this script phase.\necho \"SUCCESS\" > \"${SCRIPT_OUTPUT_FILE_0}\"\n";
			showEnvVarsInLog = 0;
		};
		B1FCBCDE56969AE7CEDF5D67 /* [CP] Embed Pods Frameworks */ = {
			isa = PBXShellScriptBuildPhase;
			buildActionMask = 2147483647;
			files = (
			);
			inputFileListPaths = (
				"${PODS_ROOT}/Target Support Files/Pods-Meal/Pods-Meal-frameworks-${CONFIGURATION}-input-files.xcfilelist",
			);
			name = "[CP] Embed Pods Frameworks";
			outputFileListPaths = (
				"${PODS_ROOT}/Target Support Files/Pods-Meal/Pods-Meal-frameworks-${CONFIGURATION}-output-files.xcfilelist",
			);
			runOnlyForDeploymentPostprocessing = 0;
			shellPath = /bin/sh;
			shellScript = "\"${PODS_ROOT}/Target Support Files/Pods-Meal/Pods-Meal-frameworks.sh\"\n";
			showEnvVarsInLog = 0;
		};
/* End PBXShellScriptBuildPhase section */

/* Begin PBXSourcesBuildPhase section */
		DE9FE5BF284DA7210032242F /* Sources */ = {
			isa = PBXSourcesBuildPhase;
			buildActionMask = 2147483647;
			files = (
				DE9FE5D1284DA7210032242F /* Meal.xcdatamodeld in Sources */,
				E9451D50285BA1760091A31E /* FamilyMemberTableViewCell.swift in Sources */,
				E9451D4C285B9B6B0091A31E /* UserNameTableViewCell.swift in Sources */,
				E969B130285D92DC0025E31F /* JoinCreateFamilyViewController.swift in Sources */,
				E9451D57285BA4120091A31E /* MemberViewController.swift in Sources */,
				DE6201DD2850AD0600E88035 /* MenuViewController.swift in Sources */,
				E97EACAC285A28D000DEA510 /* BottomPartTableViewCell.swift in Sources */,
				E97EACB0285A29E900DEA510 /* VoterCollectionViewCell.swift in Sources */,
				E9451D54285BA3410091A31E /* FamilyIDTableViewCell.swift in Sources */,
				E97EACA8285A267D00DEA510 /* TopPartTableViewCell.swift in Sources */,
				DE2156042852BB5F00E2DA35 /* Menu.swift in Sources */,
				E9F42929285CD89800C85012 /* HistoryTableViewCell.swift in Sources */,
				DE215699285056C200841DF0 /* JoinFamilyViewController.swift in Sources */,
				E97EACB3285B74AC00DEA510 /* VoteViewController.swift in Sources */,
				DE9FE5CB284DA7210032242F /* ViewController.swift in Sources */,
				E969B12E285D92750025E31F /* SignInViewController.swift in Sources */,
				DE9FE5C7284DA7210032242F /* AppDelegate.swift in Sources */,
				E9F4292C285CDB5600C85012 /* HistoryViewController.swift in Sources */,
				DE9FE5C9284DA7210032242F /* SceneDelegate.swift in Sources */,
			);
			runOnlyForDeploymentPostprocessing = 0;
		};
/* End PBXSourcesBuildPhase section */

/* Begin PBXVariantGroup section */
		DE9FE5CC284DA7210032242F /* Main.storyboard */ = {
			isa = PBXVariantGroup;
			children = (
				DE9FE5CD284DA7210032242F /* Base */,
			);
			name = Main.storyboard;
			sourceTree = "<group>";
		};
		DE9FE5D4284DA7240032242F /* LaunchScreen.storyboard */ = {
			isa = PBXVariantGroup;
			children = (
				DE9FE5D5284DA7240032242F /* Base */,
			);
			name = LaunchScreen.storyboard;
			sourceTree = "<group>";
		};
/* End PBXVariantGroup section */

/* Begin XCBuildConfiguration section */
		DE9FE5D8284DA7240032242F /* Debug */ = {
			isa = XCBuildConfiguration;
			buildSettings = {
				ALWAYS_SEARCH_USER_PATHS = NO;
				CLANG_ANALYZER_NONNULL = YES;
				CLANG_ANALYZER_NUMBER_OBJECT_CONVERSION = YES_AGGRESSIVE;
				CLANG_CXX_LANGUAGE_STANDARD = "gnu++17";
				CLANG_ENABLE_MODULES = YES;
				CLANG_ENABLE_OBJC_ARC = YES;
				CLANG_ENABLE_OBJC_WEAK = YES;
				CLANG_WARN_BLOCK_CAPTURE_AUTORELEASING = YES;
				CLANG_WARN_BOOL_CONVERSION = YES;
				CLANG_WARN_COMMA = YES;
				CLANG_WARN_CONSTANT_CONVERSION = YES;
				CLANG_WARN_DEPRECATED_OBJC_IMPLEMENTATIONS = YES;
				CLANG_WARN_DIRECT_OBJC_ISA_USAGE = YES_ERROR;
				CLANG_WARN_DOCUMENTATION_COMMENTS = YES;
				CLANG_WARN_EMPTY_BODY = YES;
				CLANG_WARN_ENUM_CONVERSION = YES;
				CLANG_WARN_INFINITE_RECURSION = YES;
				CLANG_WARN_INT_CONVERSION = YES;
				CLANG_WARN_NON_LITERAL_NULL_CONVERSION = YES;
				CLANG_WARN_OBJC_IMPLICIT_RETAIN_SELF = YES;
				CLANG_WARN_OBJC_LITERAL_CONVERSION = YES;
				CLANG_WARN_OBJC_ROOT_CLASS = YES_ERROR;
				CLANG_WARN_QUOTED_INCLUDE_IN_FRAMEWORK_HEADER = YES;
				CLANG_WARN_RANGE_LOOP_ANALYSIS = YES;
				CLANG_WARN_STRICT_PROTOTYPES = YES;
				CLANG_WARN_SUSPICIOUS_MOVE = YES;
				CLANG_WARN_UNGUARDED_AVAILABILITY = YES_AGGRESSIVE;
				CLANG_WARN_UNREACHABLE_CODE = YES;
				CLANG_WARN__DUPLICATE_METHOD_MATCH = YES;
				COPY_PHASE_STRIP = NO;
				DEBUG_INFORMATION_FORMAT = dwarf;
				ENABLE_STRICT_OBJC_MSGSEND = YES;
				ENABLE_TESTABILITY = YES;
				GCC_C_LANGUAGE_STANDARD = gnu11;
				GCC_DYNAMIC_NO_PIC = NO;
				GCC_NO_COMMON_BLOCKS = YES;
				GCC_OPTIMIZATION_LEVEL = 0;
				GCC_PREPROCESSOR_DEFINITIONS = (
					"DEBUG=1",
					"$(inherited)",
				);
				GCC_WARN_64_TO_32_BIT_CONVERSION = YES;
				GCC_WARN_ABOUT_RETURN_TYPE = YES_ERROR;
				GCC_WARN_UNDECLARED_SELECTOR = YES;
				GCC_WARN_UNINITIALIZED_AUTOS = YES_AGGRESSIVE;
				GCC_WARN_UNUSED_FUNCTION = YES;
				GCC_WARN_UNUSED_VARIABLE = YES;
				IPHONEOS_DEPLOYMENT_TARGET = 15.4;
				MTL_ENABLE_DEBUG_INFO = INCLUDE_SOURCE;
				MTL_FAST_MATH = YES;
				ONLY_ACTIVE_ARCH = YES;
				SDKROOT = iphoneos;
				SWIFT_ACTIVE_COMPILATION_CONDITIONS = DEBUG;
				SWIFT_OPTIMIZATION_LEVEL = "-Onone";
			};
			name = Debug;
		};
		DE9FE5D9284DA7240032242F /* Release */ = {
			isa = XCBuildConfiguration;
			buildSettings = {
				ALWAYS_SEARCH_USER_PATHS = NO;
				CLANG_ANALYZER_NONNULL = YES;
				CLANG_ANALYZER_NUMBER_OBJECT_CONVERSION = YES_AGGRESSIVE;
				CLANG_CXX_LANGUAGE_STANDARD = "gnu++17";
				CLANG_ENABLE_MODULES = YES;
				CLANG_ENABLE_OBJC_ARC = YES;
				CLANG_ENABLE_OBJC_WEAK = YES;
				CLANG_WARN_BLOCK_CAPTURE_AUTORELEASING = YES;
				CLANG_WARN_BOOL_CONVERSION = YES;
				CLANG_WARN_COMMA = YES;
				CLANG_WARN_CONSTANT_CONVERSION = YES;
				CLANG_WARN_DEPRECATED_OBJC_IMPLEMENTATIONS = YES;
				CLANG_WARN_DIRECT_OBJC_ISA_USAGE = YES_ERROR;
				CLANG_WARN_DOCUMENTATION_COMMENTS = YES;
				CLANG_WARN_EMPTY_BODY = YES;
				CLANG_WARN_ENUM_CONVERSION = YES;
				CLANG_WARN_INFINITE_RECURSION = YES;
				CLANG_WARN_INT_CONVERSION = YES;
				CLANG_WARN_NON_LITERAL_NULL_CONVERSION = YES;
				CLANG_WARN_OBJC_IMPLICIT_RETAIN_SELF = YES;
				CLANG_WARN_OBJC_LITERAL_CONVERSION = YES;
				CLANG_WARN_OBJC_ROOT_CLASS = YES_ERROR;
				CLANG_WARN_QUOTED_INCLUDE_IN_FRAMEWORK_HEADER = YES;
				CLANG_WARN_RANGE_LOOP_ANALYSIS = YES;
				CLANG_WARN_STRICT_PROTOTYPES = YES;
				CLANG_WARN_SUSPICIOUS_MOVE = YES;
				CLANG_WARN_UNGUARDED_AVAILABILITY = YES_AGGRESSIVE;
				CLANG_WARN_UNREACHABLE_CODE = YES;
				CLANG_WARN__DUPLICATE_METHOD_MATCH = YES;
				COPY_PHASE_STRIP = NO;
				DEBUG_INFORMATION_FORMAT = "dwarf-with-dsym";
				ENABLE_NS_ASSERTIONS = NO;
				ENABLE_STRICT_OBJC_MSGSEND = YES;
				GCC_C_LANGUAGE_STANDARD = gnu11;
				GCC_NO_COMMON_BLOCKS = YES;
				GCC_WARN_64_TO_32_BIT_CONVERSION = YES;
				GCC_WARN_ABOUT_RETURN_TYPE = YES_ERROR;
				GCC_WARN_UNDECLARED_SELECTOR = YES;
				GCC_WARN_UNINITIALIZED_AUTOS = YES_AGGRESSIVE;
				GCC_WARN_UNUSED_FUNCTION = YES;
				GCC_WARN_UNUSED_VARIABLE = YES;
				IPHONEOS_DEPLOYMENT_TARGET = 15.4;
				MTL_ENABLE_DEBUG_INFO = NO;
				MTL_FAST_MATH = YES;
				SDKROOT = iphoneos;
				SWIFT_COMPILATION_MODE = wholemodule;
				SWIFT_OPTIMIZATION_LEVEL = "-O";
				VALIDATE_PRODUCT = YES;
			};
			name = Release;
		};
		DE9FE5DB284DA7240032242F /* Debug */ = {
			isa = XCBuildConfiguration;
			baseConfigurationReference = C73C3C05F50627B96E8B56F7 /* Pods-Meal.debug.xcconfig */;
			buildSettings = {
				ASSETCATALOG_COMPILER_APPICON_NAME = AppIcon;
				ASSETCATALOG_COMPILER_GLOBAL_ACCENT_COLOR_NAME = AccentColor;
				CODE_SIGN_ENTITLEMENTS = Meal/Meal.entitlements;
				CODE_SIGN_IDENTITY = "Apple Development";
				CODE_SIGN_STYLE = Automatic;
				CURRENT_PROJECT_VERSION = 1;
				DEVELOPMENT_TEAM = "";
				GENERATE_INFOPLIST_FILE = YES;
				INFOPLIST_FILE = Meal/Info.plist;
				INFOPLIST_KEY_UIApplicationSupportsIndirectInputEvents = YES;
				INFOPLIST_KEY_UILaunchStoryboardName = LaunchScreen;
				INFOPLIST_KEY_UIMainStoryboardFile = Main;
				INFOPLIST_KEY_UISupportedInterfaceOrientations_iPad = "UIInterfaceOrientationPortrait UIInterfaceOrientationPortraitUpsideDown UIInterfaceOrientationLandscapeLeft UIInterfaceOrientationLandscapeRight";
				INFOPLIST_KEY_UISupportedInterfaceOrientations_iPhone = "UIInterfaceOrientationPortrait UIInterfaceOrientationLandscapeLeft UIInterfaceOrientationLandscapeRight";
				LD_RUNPATH_SEARCH_PATHS = (
					"$(inherited)",
					"@executable_path/Frameworks",
				);
				MARKETING_VERSION = 1.0;
				PRODUCT_BUNDLE_IDENTIFIER = com.nabilrei.Meal;
				PRODUCT_NAME = "$(TARGET_NAME)";
				PROVISIONING_PROFILE_SPECIFIER = "";
				SWIFT_EMIT_LOC_STRINGS = YES;
				SWIFT_VERSION = 5.0;
				TARGETED_DEVICE_FAMILY = "1,2";
			};
			name = Debug;
		};
		DE9FE5DC284DA7240032242F /* Release */ = {
			isa = XCBuildConfiguration;
			baseConfigurationReference = 4C01E2AA29E4141514887E12 /* Pods-Meal.release.xcconfig */;
			buildSettings = {
				ASSETCATALOG_COMPILER_APPICON_NAME = AppIcon;
				ASSETCATALOG_COMPILER_GLOBAL_ACCENT_COLOR_NAME = AccentColor;
				CODE_SIGN_ENTITLEMENTS = Meal/Meal.entitlements;
				CODE_SIGN_IDENTITY = "Apple Development";
				CODE_SIGN_STYLE = Automatic;
				CURRENT_PROJECT_VERSION = 1;
				DEVELOPMENT_TEAM = "";
				GENERATE_INFOPLIST_FILE = YES;
				INFOPLIST_FILE = Meal/Info.plist;
				INFOPLIST_KEY_UIApplicationSupportsIndirectInputEvents = YES;
				INFOPLIST_KEY_UILaunchStoryboardName = LaunchScreen;
				INFOPLIST_KEY_UIMainStoryboardFile = Main;
				INFOPLIST_KEY_UISupportedInterfaceOrientations_iPad = "UIInterfaceOrientationPortrait UIInterfaceOrientationPortraitUpsideDown UIInterfaceOrientationLandscapeLeft UIInterfaceOrientationLandscapeRight";
				INFOPLIST_KEY_UISupportedInterfaceOrientations_iPhone = "UIInterfaceOrientationPortrait UIInterfaceOrientationLandscapeLeft UIInterfaceOrientationLandscapeRight";
				LD_RUNPATH_SEARCH_PATHS = (
					"$(inherited)",
					"@executable_path/Frameworks",
				);
				MARKETING_VERSION = 1.0;
				PRODUCT_BUNDLE_IDENTIFIER = com.nabilrei.Meal;
				PRODUCT_NAME = "$(TARGET_NAME)";
				PROVISIONING_PROFILE_SPECIFIER = "";
				SWIFT_EMIT_LOC_STRINGS = YES;
				SWIFT_VERSION = 5.0;
				TARGETED_DEVICE_FAMILY = "1,2";
			};
			name = Release;
		};
/* End XCBuildConfiguration section */

/* Begin XCConfigurationList section */
		DE9FE5BE284DA7210032242F /* Build configuration list for PBXProject "Meal" */ = {
			isa = XCConfigurationList;
			buildConfigurations = (
				DE9FE5D8284DA7240032242F /* Debug */,
				DE9FE5D9284DA7240032242F /* Release */,
			);
			defaultConfigurationIsVisible = 0;
			defaultConfigurationName = Release;
		};
		DE9FE5DA284DA7240032242F /* Build configuration list for PBXNativeTarget "Meal" */ = {
			isa = XCConfigurationList;
			buildConfigurations = (
				DE9FE5DB284DA7240032242F /* Debug */,
				DE9FE5DC284DA7240032242F /* Release */,
			);
			defaultConfigurationIsVisible = 0;
			defaultConfigurationName = Release;
		};
/* End XCConfigurationList section */

/* Begin XCVersionGroup section */
		DE9FE5CF284DA7210032242F /* Meal.xcdatamodeld */ = {
			isa = XCVersionGroup;
			children = (
				DE9FE5D0284DA7210032242F /* Meal.xcdatamodel */,
			);
			currentVersion = DE9FE5D0284DA7210032242F /* Meal.xcdatamodel */;
			path = Meal.xcdatamodeld;
			sourceTree = "<group>";
			versionGroupType = wrapper.xcdatamodel;
		};
/* End XCVersionGroup section */
	};
	rootObject = DE9FE5BB284DA7210032242F /* Project object */;
}
